github.com/IBM-Bluemix/go-cloudant v0.0.0-20161013050022-0ded5c7f524e h1:jlbAoyqUu4aDkhN+XmqcGtuESddcIjYnj5rJnu4UtIs=
github.com/IBM-Bluemix/go-cloudant v0.0.0-20161013050022-0ded5c7f524e/go.mod h1:StWBXQIF9VIAcaW5z29YFpor2A6PkOWoIGQqE3raH/Y=
github.com/davecgh/go-spew v1.1.0 h1:ZDRjVQ15GmhC3fiQ8ni8+OwkZQO4DARzQgrnXU1Liz8=
github.com/davecgh/go-spew v1.1.0/go.mod h1:J7Y8YcW2NihsgmVo/mv3lAwl/skON4iLHjSsI+c5H38=
github.com/elazarl/goproxy v0.0.0-20190711103511-473e67f1d7d2 h1:aZtFdDNWY/yH86JPR2WX/PN63635VsE/f/nXNPAbYxY=
github.com/elazarl/goproxy v0.0.0-20190711103511-473e67f1d7d2/go.mod h1:/Zj4wYkgs4iZTTu3o/KG3Itv/qCCa8VVMlb3i9OVuzc=
github.com/moul/http2curl v1.0.0 h1:dRMWoAtb+ePxMlLkrCbAqh4TlPHXvoGUSQ323/9Zahs=
github.com/moul/http2curl v1.0.0/go.mod h1:8UbvGypXm98wA/IqH45anm5Y2Z6ep6O31QGOAZ3H0fQ=
github.com/parnurzeal/gorequest v0.2.15 h1:oPjDCsF5IkD4gUk6vIgsxYNaSgvAnIh1EJeROn3HdJU=
github.com/parnurzeal/gorequest v0.2.15/go.mod h1:3Kh2QUMJoqw3icWAecsyzkpY7UzRfDhbRdTjtNwNiUE=
github.com/pkg/errors v0.8.1 h1:iURUrRGxPUNPdy5/HRSm+Yj6okJ6UtLINN0Q9M4+h3I=
github.com/pkg/errors v0.8.1/go.mod h1:bwawxfHBFNV+L2hUp1rHADufV3IMtnDRdf1r5NINEl0=
github.com/pmezard/go-difflib v1.0.0 h1:4DBwDE0NGyQoBHbLQYPwSUPoCMWR5BEzIk/f1lZbAQM=
github.com/pmezard/go-difflib v1.0.0/go.mod h1:iKH77koFhYxTK1pcRnkKkqfTogsbg7gZNVY4sRDYZ/4=
github.com/stretchr/objx v0.1.0/go.mod h1:HFkY916IF+rwdDfMAkV7OtwuqBVzrE8GR6GFx+wExME=
github.com/stretchr/testify v1.3.0 h1:TivCn/peBQ7UY8ooIcPgZFpTNSz0Q2U6UrFlUfqbe0Q=
github.com/stretchr/testify v1.3.0/go.mod h1:M5WIy9Dh21IEIfnGCwXGc5bZfKNJtfHm1UVUgZn+9EI=
github.com/timjacobi/go-couchdb v0.0.0-20160817113035-5f9d2a1a29e5 h1:1MtUq8K7y3+AVXBDaJqgJIbAfQrllywEV8RcgJDAaTs=
github.com/timjacobi/go-couchdb v0.0.0-20160817113035-5f9d2a1a29e5/go.mod h1:0FpLWWweDFBAoZdeODdifM8kBL1D1gsSHTpamQv4m5Y=
golang.org/x/crypto v0.0.0-20190308221718-c2843e01d9a2/go.mod h1:djNgcEr1/C05ACkg1iLfiJU5Ep61QUkGW8qpdssI0+w=
golang.org/x/net v0.0.0-20190724013045-ca1201d0de80 h1:Ao/3l156eZf2AW5wK8a7/smtodRU+gha3+BeqJ69lRk=
golang.org/x/net v0.0.0-20190724013045-ca1201d0de80/go.mod h1:z5CRVTTTmAJ677TzLLGU+0bjPO0LkuOLi4/5GtJWs/s=
golang.org/x/sys v0.0.0-20190215142949-d0b11bdaac8a/go.mod h1:STP8DvDyc/dI5b8T5hshtkjS+E42TnysNCUPdjciGhY=
golang.org/x/text v0.3.0/go.mod h1:NqM8EUOU14njkJ3fqMW+pc6Ldnwhi/IjpwHt7yyuwOQ=
